
Microsoft Visual Studio Solution File, Format Version 12.00
# Visual Studio Version 16
VisualStudioVersion = 16.0.29709.97
MinimumVisualStudioVersion = 10.0.40219.1
Project("{FAE04EC0-301F-11D3-BF4B-00C04F79EFBC}") = "Reproductor", "Reproductor\Reproductor.csproj", "{9D50E415-BD05-47AA-9664-DDBD4E457905}"
EndProject
Global
	GlobalSection(SolutionConfigurationPlatforms) = preSolution
		Debug|Any CPU = Debug|Any CPU
		Release|Any CPU = Release|Any CPU
	EndGlobalSection
	GlobalSection(ProjectConfigurationPlatforms) = postSolution
		{9D50E415-BD05-47AA-9664-DDBD4E457905}.Debug|Any CPU.ActiveCfg = Debug|Any CPU
		{9D50E415-BD05-47AA-9664-DDBD4E457905}.Debug|Any CPU.Build.0 = Debug|Any CPU
		{9D50E415-BD05-47AA-9664-DDBD4E457905}.Release|Any CPU.ActiveCfg = Release|Any CPU
		{9D50E415-BD05-47AA-9664-DDBD4E457905}.Release|Any CPU.Build.0 = Release|Any CPU
	EndGlobalSection
	GlobalSection(SolutionProperties) = preSolution
		HideSolutionNode = FALSE
	EndGlobalSection
	GlobalSection(ExtensibilityGlobals) = postSolution
		SolutionGuid = {C2143C3C-3CF8-422C-9A2E-2E6AFE8E8B22}
	EndGlobalSection
EndGlobal
